// !$*UTF8*$!
{
	archiveVersion = 1;
	classes = {
	};
	objectVersion = 46;
	objects = {

/* Begin PBXBuildFile section */
		7DBF8FCF2023080A0030C3D5 /* XTDBVersion.m in Sources */ = {isa = PBXBuildFile; fileRef = 7DBF8FCE202308090030C3D5 /* XTDBVersion.m */; };
		8F0C1EE41F8B7184009359AC /* AnyModel.m in Sources */ = {isa = PBXBuildFile; fileRef = 8F0C1EE31F8B7184009359AC /* AnyModel.m */; };
		8F108F52203E718400217B87 /* NSDate+XTFMDB_Tick.m in Sources */ = {isa = PBXBuildFile; fileRef = 8F108F51203E718400217B87 /* NSDate+XTFMDB_Tick.m */; };
		8F108F58203E943100217B87 /* NSObject+XTFMDB_Reflection.m in Sources */ = {isa = PBXBuildFile; fileRef = 8F108F57203E943100217B87 /* NSObject+XTFMDB_Reflection.m */; };
		8F211CC7208F1DAE0031DC40 /* README.md in Resources */ = {isa = PBXBuildFile; fileRef = 8F211CC6208F1DAE0031DC40 /* README.md */; };
		8F2BFFCD204016C90013394D /* MainVCell.m in Sources */ = {isa = PBXBuildFile; fileRef = 8F2BFFCC204016C90013394D /* MainVCell.m */; };
		8F664CDB207B6E41006BC485 /* Father.m in Sources */ = {isa = PBXBuildFile; fileRef = 8F664CDA207B6E41006BC485 /* Father.m */; };
		8F9357B3207A146D003F5522 /* SomeInfo.m in Sources */ = {isa = PBXBuildFile; fileRef = 8F9357B2207A146D003F5522 /* SomeInfo.m */; };
		8F9357B7207A15C6003F5522 /* AccessObj.m in Sources */ = {isa = PBXBuildFile; fileRef = 8F9357B6207A15C6003F5522 /* AccessObj.m */; };
		8F9357BD207B04C2003F5522 /* XTAutoSqlUtil.m in Sources */ = {isa = PBXBuildFile; fileRef = 8F9357BC207B04C2003F5522 /* XTAutoSqlUtil.m */; };
		8FA9D3B920C7CE85005AFEDF /* NSArray+XTFMDB.m in Sources */ = {isa = PBXBuildFile; fileRef = 8FA9D3B820C7CE85005AFEDF /* NSArray+XTFMDB.m */; };
		8FCB88642137B7C600492AB0 /* Podfile in Resources */ = {isa = PBXBuildFile; fileRef = 8FCB88632137B7C600492AB0 /* Podfile */; };
		8FCB88662137B7CF00492AB0 /* XTFMDB.podspec in Resources */ = {isa = PBXBuildFile; fileRef = 8FCB88652137B7CF00492AB0 /* XTFMDB.podspec */; };
		8FFD738F1EBB1C2C00148B83 /* main.m in Sources */ = {isa = PBXBuildFile; fileRef = 8FFD738E1EBB1C2C00148B83 /* main.m */; };
		8FFD73921EBB1C2C00148B83 /* AppDelegate.m in Sources */ = {isa = PBXBuildFile; fileRef = 8FFD73911EBB1C2C00148B83 /* AppDelegate.m */; };
		8FFD73951EBB1C2C00148B83 /* ViewController.m in Sources */ = {isa = PBXBuildFile; fileRef = 8FFD73941EBB1C2C00148B83 /* ViewController.m */; };
		8FFD73981EBB1C2C00148B83 /* Main.storyboard in Resources */ = {isa = PBXBuildFile; fileRef = 8FFD73961EBB1C2C00148B83 /* Main.storyboard */; };
		8FFD739A1EBB1C2C00148B83 /* Assets.xcassets in Resources */ = {isa = PBXBuildFile; fileRef = 8FFD73991EBB1C2C00148B83 /* Assets.xcassets */; };
		8FFD739D1EBB1C2C00148B83 /* LaunchScreen.storyboard in Resources */ = {isa = PBXBuildFile; fileRef = 8FFD739B1EBB1C2C00148B83 /* LaunchScreen.storyboard */; };
		8FFD73A61EBB1CAE00148B83 /* DisplayViewController.m in Sources */ = {isa = PBXBuildFile; fileRef = 8FFD73A51EBB1CAE00148B83 /* DisplayViewController.m */; };
		8FFD73F91EBB249500148B83 /* DisplayCell.m in Sources */ = {isa = PBXBuildFile; fileRef = 8FFD73F81EBB249500148B83 /* DisplayCell.m */; };
		8FFD73FC1EC0397000148B83 /* NSObject+XTFMDB.m in Sources */ = {isa = PBXBuildFile; fileRef = 8FFD73FB1EC0397000148B83 /* NSObject+XTFMDB.m */; };
		8FFD73FF1EC0464D00148B83 /* XTFMDBBase.m in Sources */ = {isa = PBXBuildFile; fileRef = 8FFD73FE1EC0464D00148B83 /* XTFMDBBase.m */; };
		9D3E01CA8B983FF65BFE449C /* Pods_demo_XTFMDB.framework in Frameworks */ = {isa = PBXBuildFile; fileRef = 7473C28BD95C9470D4806ECC /* Pods_demo_XTFMDB.framework */; };
/* End PBXBuildFile section */

/* Begin PBXFileReference section */
		36908B1C80D5651BA7D9EF56 /* Pods-demo_XTFMDB.debug.xcconfig */ = {isa = PBXFileReference; includeInIndex = 1; lastKnownFileType = text.xcconfig; name = "Pods-demo_XTFMDB.debug.xcconfig"; path = "Pods/Target Support Files/Pods-demo_XTFMDB/Pods-demo_XTFMDB.debug.xcconfig"; sourceTree = "<group>"; };
		69780A6434E49AF6BA093C3D /* Pods-demo_XTFMDB.release.xcconfig */ = {isa = PBXFileReference; includeInIndex = 1; lastKnownFileType = text.xcconfig; name = "Pods-demo_XTFMDB.release.xcconfig"; path = "Pods/Target Support Files/Pods-demo_XTFMDB/Pods-demo_XTFMDB.release.xcconfig"; sourceTree = "<group>"; };
		7473C28BD95C9470D4806ECC /* Pods_demo_XTFMDB.framework */ = {isa = PBXFileReference; explicitFileType = wrapper.framework; includeInIndex = 0; path = Pods_demo_XTFMDB.framework; sourceTree = BUILT_PRODUCTS_DIR; };
		7DBF8FCD202308080030C3D5 /* XTDBVersion.h */ = {isa = PBXFileReference; fileEncoding = 4; lastKnownFileType = sourcecode.c.h; name = XTDBVersion.h; path = XTFMDB/XTDBVersion.h; sourceTree = "<group>"; };
		7DBF8FCE202308090030C3D5 /* XTDBVersion.m */ = {isa = PBXFileReference; fileEncoding = 4; lastKnownFileType = sourcecode.c.objc; name = XTDBVersion.m; path = XTFMDB/XTDBVersion.m; sourceTree = "<group>"; };
		8F0C1EE21F8B7184009359AC /* AnyModel.h */ = {isa = PBXFileReference; lastKnownFileType = sourcecode.c.h; path = AnyModel.h; sourceTree = "<group>"; };
		8F0C1EE31F8B7184009359AC /* AnyModel.m */ = {isa = PBXFileReference; lastKnownFileType = sourcecode.c.objc; path = AnyModel.m; sourceTree = "<group>"; };
		8F108F50203E718400217B87 /* NSDate+XTFMDB_Tick.h */ = {isa = PBXFileReference; lastKnownFileType = sourcecode.c.h; name = "NSDate+XTFMDB_Tick.h"; path = "XTFMDB/NSDate+XTFMDB_Tick.h"; sourceTree = "<group>"; };
		8F108F51203E718400217B87 /* NSDate+XTFMDB_Tick.m */ = {isa = PBXFileReference; lastKnownFileType = sourcecode.c.objc; name = "NSDate+XTFMDB_Tick.m"; path = "XTFMDB/NSDate+XTFMDB_Tick.m"; sourceTree = "<group>"; };
		8F108F56203E943100217B87 /* NSObject+XTFMDB_Reflection.h */ = {isa = PBXFileReference; fileEncoding = 4; lastKnownFileType = sourcecode.c.h; name = "NSObject+XTFMDB_Reflection.h"; path = "XTFMDB/NSObject+XTFMDB_Reflection.h"; sourceTree = "<group>"; };
		8F108F57203E943100217B87 /* NSObject+XTFMDB_Reflection.m */ = {isa = PBXFileReference; fileEncoding = 4; lastKnownFileType = sourcecode.c.objc; name = "NSObject+XTFMDB_Reflection.m"; path = "XTFMDB/NSObject+XTFMDB_Reflection.m"; sourceTree = "<group>"; };
		8F16B9AE1F25EE750049CEE1 /* XTFMDBConst.h */ = {isa = PBXFileReference; lastKnownFileType = sourcecode.c.h; name = XTFMDBConst.h; path = XTFMDB/XTFMDBConst.h; sourceTree = "<group>"; };
		8F211CC6208F1DAE0031DC40 /* README.md */ = {isa = PBXFileReference; fileEncoding = 4; lastKnownFileType = net.daringfireball.markdown; path = README.md; sourceTree = SOURCE_ROOT; };
		8F2BFFCB204016C90013394D /* MainVCell.h */ = {isa = PBXFileReference; lastKnownFileType = sourcecode.c.h; path = MainVCell.h; sourceTree = "<group>"; };
		8F2BFFCC204016C90013394D /* MainVCell.m */ = {isa = PBXFileReference; lastKnownFileType = sourcecode.c.objc; path = MainVCell.m; sourceTree = "<group>"; };
		8F664CD9207B6E41006BC485 /* Father.h */ = {isa = PBXFileReference; lastKnownFileType = sourcecode.c.h; path = Father.h; sourceTree = "<group>"; };
		8F664CDA207B6E41006BC485 /* Father.m */ = {isa = PBXFileReference; lastKnownFileType = sourcecode.c.objc; path = Father.m; sourceTree = "<group>"; };
		8F9357B1207A146D003F5522 /* SomeInfo.h */ = {isa = PBXFileReference; lastKnownFileType = sourcecode.c.h; path = SomeInfo.h; sourceTree = "<group>"; };
		8F9357B2207A146D003F5522 /* SomeInfo.m */ = {isa = PBXFileReference; lastKnownFileType = sourcecode.c.objc; path = SomeInfo.m; sourceTree = "<group>"; };
		8F9357B5207A15C6003F5522 /* AccessObj.h */ = {isa = PBXFileReference; lastKnownFileType = sourcecode.c.h; path = AccessObj.h; sourceTree = "<group>"; };
		8F9357B6207A15C6003F5522 /* AccessObj.m */ = {isa = PBXFileReference; lastKnownFileType = sourcecode.c.objc; path = AccessObj.m; sourceTree = "<group>"; };
		8F9357BB207B04C2003F5522 /* XTAutoSqlUtil.h */ = {isa = PBXFileReference; fileEncoding = 4; lastKnownFileType = sourcecode.c.h; name = XTAutoSqlUtil.h; path = XTFMDB/XTAutoSqlUtil.h; sourceTree = "<group>"; };
		8F9357BC207B04C2003F5522 /* XTAutoSqlUtil.m */ = {isa = PBXFileReference; fileEncoding = 4; lastKnownFileType = sourcecode.c.objc; name = XTAutoSqlUtil.m; path = XTFMDB/XTAutoSqlUtil.m; sourceTree = "<group>"; };
		8FA9D3B720C7CE85005AFEDF /* NSArray+XTFMDB.h */ = {isa = PBXFileReference; lastKnownFileType = sourcecode.c.h; name = "NSArray+XTFMDB.h"; path = "XTFMDB/NSArray+XTFMDB.h"; sourceTree = "<group>"; };
		8FA9D3B820C7CE85005AFEDF /* NSArray+XTFMDB.m */ = {isa = PBXFileReference; lastKnownFileType = sourcecode.c.objc; name = "NSArray+XTFMDB.m"; path = "XTFMDB/NSArray+XTFMDB.m"; sourceTree = "<group>"; };
		8FCB88632137B7C600492AB0 /* Podfile */ = {isa = PBXFileReference; fileEncoding = 4; lastKnownFileType = text; path = Podfile; sourceTree = SOURCE_ROOT; };
		8FCB88652137B7CF00492AB0 /* XTFMDB.podspec */ = {isa = PBXFileReference; fileEncoding = 4; lastKnownFileType = text; path = XTFMDB.podspec; sourceTree = SOURCE_ROOT; };
		8FFD738A1EBB1C2C00148B83 /* demo_XTFMDB.app */ = {isa = PBXFileReference; explicitFileType = wrapper.application; includeInIndex = 0; path = demo_XTFMDB.app; sourceTree = BUILT_PRODUCTS_DIR; };
		8FFD738E1EBB1C2C00148B83 /* main.m */ = {isa = PBXFileReference; lastKnownFileType = sourcecode.c.objc; path = main.m; sourceTree = "<group>"; };
		8FFD73901EBB1C2C00148B83 /* AppDelegate.h */ = {isa = PBXFileReference; lastKnownFileType = sourcecode.c.h; path = AppDelegate.h; sourceTree = "<group>"; };
		8FFD73911EBB1C2C00148B83 /* AppDelegate.m */ = {isa = PBXFileReference; lastKnownFileType = sourcecode.c.objc; path = AppDelegate.m; sourceTree = "<group>"; };
		8FFD73931EBB1C2C00148B83 /* ViewController.h */ = {isa = PBXFileReference; lastKnownFileType = sourcecode.c.h; path = ViewController.h; sourceTree = "<group>"; };
		8FFD73941EBB1C2C00148B83 /* ViewController.m */ = {isa = PBXFileReference; lastKnownFileType = sourcecode.c.objc; path = ViewController.m; sourceTree = "<group>"; };
		8FFD73971EBB1C2C00148B83 /* Base */ = {isa = PBXFileReference; lastKnownFileType = file.storyboard; name = Base; path = Base.lproj/Main.storyboard; sourceTree = "<group>"; };
		8FFD73991EBB1C2C00148B83 /* Assets.xcassets */ = {isa = PBXFileReference; lastKnownFileType = folder.assetcatalog; path = Assets.xcassets; sourceTree = "<group>"; };
		8FFD739C1EBB1C2C00148B83 /* Base */ = {isa = PBXFileReference; lastKnownFileType = file.storyboard; name = Base; path = Base.lproj/LaunchScreen.storyboard; sourceTree = "<group>"; };
		8FFD739E1EBB1C2C00148B83 /* Info.plist */ = {isa = PBXFileReference; lastKnownFileType = text.plist.xml; path = Info.plist; sourceTree = "<group>"; };
		8FFD73A41EBB1CAE00148B83 /* DisplayViewController.h */ = {isa = PBXFileReference; fileEncoding = 4; lastKnownFileType = sourcecode.c.h; path = DisplayViewController.h; sourceTree = "<group>"; };
		8FFD73A51EBB1CAE00148B83 /* DisplayViewController.m */ = {isa = PBXFileReference; fileEncoding = 4; lastKnownFileType = sourcecode.c.objc; path = DisplayViewController.m; sourceTree = "<group>"; };
		8FFD73F71EBB249500148B83 /* DisplayCell.h */ = {isa = PBXFileReference; fileEncoding = 4; lastKnownFileType = sourcecode.c.h; path = DisplayCell.h; sourceTree = "<group>"; };
		8FFD73F81EBB249500148B83 /* DisplayCell.m */ = {isa = PBXFileReference; fileEncoding = 4; lastKnownFileType = sourcecode.c.objc; path = DisplayCell.m; sourceTree = "<group>"; };
		8FFD73FA1EC0397000148B83 /* NSObject+XTFMDB.h */ = {isa = PBXFileReference; fileEncoding = 4; lastKnownFileType = sourcecode.c.h; name = "NSObject+XTFMDB.h"; path = "XTFMDB/NSObject+XTFMDB.h"; sourceTree = "<group>"; };
		8FFD73FB1EC0397000148B83 /* NSObject+XTFMDB.m */ = {isa = PBXFileReference; fileEncoding = 4; lastKnownFileType = sourcecode.c.objc; name = "NSObject+XTFMDB.m"; path = "XTFMDB/NSObject+XTFMDB.m"; sourceTree = "<group>"; };
		8FFD73FD1EC0464D00148B83 /* XTFMDBBase.h */ = {isa = PBXFileReference; fileEncoding = 4; lastKnownFileType = sourcecode.c.h; name = XTFMDBBase.h; path = XTFMDB/XTFMDBBase.h; sourceTree = "<group>"; };
		8FFD73FE1EC0464D00148B83 /* XTFMDBBase.m */ = {isa = PBXFileReference; fileEncoding = 4; lastKnownFileType = sourcecode.c.objc; name = XTFMDBBase.m; path = XTFMDB/XTFMDBBase.m; sourceTree = "<group>"; };
		8FFD74001EC0479C00148B83 /* XTFMDB.h */ = {isa = PBXFileReference; lastKnownFileType = sourcecode.c.h; name = XTFMDB.h; path = XTFMDB/XTFMDB.h; sourceTree = "<group>"; };
/* End PBXFileReference section */

/* Begin PBXFrameworksBuildPhase section */
		8FFD73871EBB1C2C00148B83 /* Frameworks */ = {
			isa = PBXFrameworksBuildPhase;
			buildActionMask = 2147483647;
			files = (
				9D3E01CA8B983FF65BFE449C /* Pods_demo_XTFMDB.framework in Frameworks */,
			);
			runOnlyForDeploymentPostprocessing = 0;
		};
/* End PBXFrameworksBuildPhase section */

/* Begin PBXGroup section */
		7D4B27B4202820DA001CA91B /* model */ = {
			isa = PBXGroup;
			children = (
				8F664CD9207B6E41006BC485 /* Father.h */,
				8F664CDA207B6E41006BC485 /* Father.m */,
				8F0C1EE21F8B7184009359AC /* AnyModel.h */,
				8F0C1EE31F8B7184009359AC /* AnyModel.m */,
				8F9357B4207A158A003F5522 /* subCls */,
			);
			name = model;
			sourceTree = "<group>";
		};
		8F9357B4207A158A003F5522 /* subCls */ = {
			isa = PBXGroup;
			children = (
				8F9357B1207A146D003F5522 /* SomeInfo.h */,
				8F9357B2207A146D003F5522 /* SomeInfo.m */,
				8F9357B5207A15C6003F5522 /* AccessObj.h */,
				8F9357B6207A15C6003F5522 /* AccessObj.m */,
			);
			name = subCls;
			sourceTree = "<group>";
		};
		8FFD73811EBB1C2C00148B83 = {
			isa = PBXGroup;
			children = (
				8FFD738C1EBB1C2C00148B83 /* demo_XTFMDB */,
				8FFD738B1EBB1C2C00148B83 /* Products */,
				FB82228ED7BDACEC0933C599 /* Pods */,
				EA3D0EBCEF03DFA0C28B08EF /* Frameworks */,
			);
			sourceTree = "<group>";
		};
		8FFD738B1EBB1C2C00148B83 /* Products */ = {
			isa = PBXGroup;
			children = (
				8FFD738A1EBB1C2C00148B83 /* demo_XTFMDB.app */,
			);
			name = Products;
			sourceTree = "<group>";
		};
		8FFD738C1EBB1C2C00148B83 /* demo_XTFMDB */ = {
			isa = PBXGroup;
			children = (
				8FCB88632137B7C600492AB0 /* Podfile */,
				8FCB88652137B7CF00492AB0 /* XTFMDB.podspec */,
				8F211CC6208F1DAE0031DC40 /* README.md */,
				8FFD73A91EBB1D8500148B83 /* XTFMDB */,
				8FFD73901EBB1C2C00148B83 /* AppDelegate.h */,
				8FFD73911EBB1C2C00148B83 /* AppDelegate.m */,
				8FFD73931EBB1C2C00148B83 /* ViewController.h */,
				8FFD73941EBB1C2C00148B83 /* ViewController.m */,
				8F2BFFCB204016C90013394D /* MainVCell.h */,
				8F2BFFCC204016C90013394D /* MainVCell.m */,
				8FFD73A41EBB1CAE00148B83 /* DisplayViewController.h */,
				8FFD73A51EBB1CAE00148B83 /* DisplayViewController.m */,
				8FFD73F71EBB249500148B83 /* DisplayCell.h */,
				8FFD73F81EBB249500148B83 /* DisplayCell.m */,
				7D4B27B4202820DA001CA91B /* model */,
				8FFD73961EBB1C2C00148B83 /* Main.storyboard */,
				8FFD73991EBB1C2C00148B83 /* Assets.xcassets */,
				8FFD739B1EBB1C2C00148B83 /* LaunchScreen.storyboard */,
				8FFD739E1EBB1C2C00148B83 /* Info.plist */,
				8FFD738D1EBB1C2C00148B83 /* Supporting Files */,
			);
			path = demo_XTFMDB;
			sourceTree = "<group>";
		};
		8FFD738D1EBB1C2C00148B83 /* Supporting Files */ = {
			isa = PBXGroup;
			children = (
				8FFD738E1EBB1C2C00148B83 /* main.m */,
			);
			name = "Supporting Files";
			sourceTree = "<group>";
		};
		8FFD73A91EBB1D8500148B83 /* XTFMDB */ = {
			isa = PBXGroup;
			children = (
				8FFD74001EC0479C00148B83 /* XTFMDB.h */,
				8F9357BB207B04C2003F5522 /* XTAutoSqlUtil.h */,
				8F9357BC207B04C2003F5522 /* XTAutoSqlUtil.m */,
				8F108F56203E943100217B87 /* NSObject+XTFMDB_Reflection.h */,
				8F108F57203E943100217B87 /* NSObject+XTFMDB_Reflection.m */,
				7DBF8FCD202308080030C3D5 /* XTDBVersion.h */,
				7DBF8FCE202308090030C3D5 /* XTDBVersion.m */,
				8F108F50203E718400217B87 /* NSDate+XTFMDB_Tick.h */,
				8F108F51203E718400217B87 /* NSDate+XTFMDB_Tick.m */,
				8F16B9AE1F25EE750049CEE1 /* XTFMDBConst.h */,
				8FFD73FD1EC0464D00148B83 /* XTFMDBBase.h */,
				8FFD73FE1EC0464D00148B83 /* XTFMDBBase.m */,
				8FFD73FA1EC0397000148B83 /* NSObject+XTFMDB.h */,
				8FFD73FB1EC0397000148B83 /* NSObject+XTFMDB.m */,
				8FA9D3B720C7CE85005AFEDF /* NSArray+XTFMDB.h */,
				8FA9D3B820C7CE85005AFEDF /* NSArray+XTFMDB.m */,
			);
			name = XTFMDB;
			sourceTree = "<group>";
		};
		EA3D0EBCEF03DFA0C28B08EF /* Frameworks */ = {
			isa = PBXGroup;
			children = (
				7473C28BD95C9470D4806ECC /* Pods_demo_XTFMDB.framework */,
			);
			name = Frameworks;
			sourceTree = "<group>";
		};
		FB82228ED7BDACEC0933C599 /* Pods */ = {
			isa = PBXGroup;
			children = (
				36908B1C80D5651BA7D9EF56 /* Pods-demo_XTFMDB.debug.xcconfig */,
				69780A6434E49AF6BA093C3D /* Pods-demo_XTFMDB.release.xcconfig */,
			);
			name = Pods;
			sourceTree = "<group>";
		};
/* End PBXGroup section */

/* Begin PBXNativeTarget section */
		8FFD73891EBB1C2C00148B83 /* demo_XTFMDB */ = {
			isa = PBXNativeTarget;
			buildConfigurationList = 8FFD73A11EBB1C2C00148B83 /* Build configuration list for PBXNativeTarget "demo_XTFMDB" */;
			buildPhases = (
				3AB98026E208F4FAC1958C1E /* [CP] Check Pods Manifest.lock */,
				8FFD73861EBB1C2C00148B83 /* Sources */,
				8FFD73871EBB1C2C00148B83 /* Frameworks */,
				8FFD73881EBB1C2C00148B83 /* Resources */,
				7FF102CB6821CE17604C0EEC /* [CP] Embed Pods Frameworks */,
			);
			buildRules = (
			);
			dependencies = (
			);
			name = demo_XTFMDB;
			productName = demo_XTFMDB;
			productReference = 8FFD738A1EBB1C2C00148B83 /* demo_XTFMDB.app */;
			productType = "com.apple.product-type.application";
		};
/* End PBXNativeTarget section */

/* Begin PBXProject section */
		8FFD73821EBB1C2C00148B83 /* Project object */ = {
			isa = PBXProject;
			attributes = {
				LastUpgradeCheck = 0830;
				ORGANIZATIONNAME = teaason;
				TargetAttributes = {
					8FFD73891EBB1C2C00148B83 = {
						CreatedOnToolsVersion = 8.3.2;
						DevelopmentTeam = 5D74XHX7AD;
						ProvisioningStyle = Automatic;
					};
				};
			};
			buildConfigurationList = 8FFD73851EBB1C2C00148B83 /* Build configuration list for PBXProject "demo_XTFMDB" */;
			compatibilityVersion = "Xcode 3.2";
			developmentRegion = English;
			hasScannedForEncodings = 0;
			knownRegions = (
				en,
				Base,
			);
			mainGroup = 8FFD73811EBB1C2C00148B83;
			productRefGroup = 8FFD738B1EBB1C2C00148B83 /* Products */;
			projectDirPath = "";
			projectRoot = "";
			targets = (
				8FFD73891EBB1C2C00148B83 /* demo_XTFMDB */,
			);
		};
/* End PBXProject section */

/* Begin PBXResourcesBuildPhase section */
		8FFD73881EBB1C2C00148B83 /* Resources */ = {
			isa = PBXResourcesBuildPhase;
			buildActionMask = 2147483647;
			files = (
				8FCB88642137B7C600492AB0 /* Podfile in Resources */,
				8FCB88662137B7CF00492AB0 /* XTFMDB.podspec in Resources */,
				8FFD739D1EBB1C2C00148B83 /* LaunchScreen.storyboard in Resources */,
				8FFD739A1EBB1C2C00148B83 /* Assets.xcassets in Resources */,
				8F211CC7208F1DAE0031DC40 /* README.md in Resources */,
				8FFD73981EBB1C2C00148B83 /* Main.storyboard in Resources */,
			);
			runOnlyForDeploymentPostprocessing = 0;
		};
/* End PBXResourcesBuildPhase section */

/* Begin PBXShellScriptBuildPhase section */
		3AB98026E208F4FAC1958C1E /* [CP] Check Pods Manifest.lock */ = {
			isa = PBXShellScriptBuildPhase;
			buildActionMask = 2147483647;
			files = (
			);
			inputPaths = (
				"${PODS_PODFILE_DIR_PATH}/Podfile.lock",
				"${PODS_ROOT}/Manifest.lock",
			);
			name = "[CP] Check Pods Manifest.lock";
			outputPaths = (
				"$(DERIVED_FILE_DIR)/Pods-demo_XTFMDB-checkManifestLockResult.txt",
			);
			runOnlyForDeploymentPostprocessing = 0;
			shellPath = /bin/sh;
			shellScript = "diff \"${PODS_PODFILE_DIR_PATH}/Podfile.lock\" \"${PODS_ROOT}/Manifest.lock\" > /dev/null\nif [ $? != 0 ] ; then\n    # print error to STDERR\n    echo \"error: The sandbox is not in sync with the Podfile.lock. Run 'pod install' or update your CocoaPods installation.\" >&2\n    exit 1\nfi\n# This output is used by Xcode 'outputs' to avoid re-running this script phase.\necho \"SUCCESS\" > \"${SCRIPT_OUTPUT_FILE_0}\"\n";
			showEnvVarsInLog = 0;
		};
		7FF102CB6821CE17604C0EEC /* [CP] Embed Pods Frameworks */ = {
			isa = PBXShellScriptBuildPhase;
			buildActionMask = 2147483647;
			files = (
			);
			inputPaths = (
				"${SRCROOT}/Pods/Target Support Files/Pods-demo_XTFMDB/Pods-demo_XTFMDB-frameworks.sh",
				"${BUILT_PRODUCTS_DIR}/AFNetworking/AFNetworking.framework",
				"${BUILT_PRODUCTS_DIR}/CYLTableViewPlaceHolder/CYLTableViewPlaceHolder.framework",
				"${BUILT_PRODUCTS_DIR}/FMDB/FMDB.framework",
				"${BUILT_PRODUCTS_DIR}/FTPopOverMenu/FTPopOverMenu.framework",
				"${BUILT_PRODUCTS_DIR}/MJRefresh/MJRefresh.framework",
				"${BUILT_PRODUCTS_DIR}/Masonry/Masonry.framework",
				"${BUILT_PRODUCTS_DIR}/ReactiveObjC/ReactiveObjC.framework",
				"${BUILT_PRODUCTS_DIR}/RxWebViewController/RxWebViewController.framework",
				"${BUILT_PRODUCTS_DIR}/SDWebImage/SDWebImage.framework",
				"${BUILT_PRODUCTS_DIR}/SSZipArchive/SSZipArchive.framework",
				"${BUILT_PRODUCTS_DIR}/SVProgressHUD/SVProgressHUD.framework",
				"${BUILT_PRODUCTS_DIR}/Valet/Valet.framework",
				"${BUILT_PRODUCTS_DIR}/XTColor/XTColor.framework",
				"${BUILT_PRODUCTS_DIR}/XTFMDB/XTFMDB.framework",
				"${BUILT_PRODUCTS_DIR}/XTReq/XTReq.framework",
				"${BUILT_PRODUCTS_DIR}/XTlib/XTlib.framework",
				"${BUILT_PRODUCTS_DIR}/YYModel/YYModel.framework",
			);
			name = "[CP] Embed Pods Frameworks";
			outputPaths = (
				"${TARGET_BUILD_DIR}/${FRAMEWORKS_FOLDER_PATH}/AFNetworking.framework",
				"${TARGET_BUILD_DIR}/${FRAMEWORKS_FOLDER_PATH}/CYLTableViewPlaceHolder.framework",
				"${TARGET_BUILD_DIR}/${FRAMEWORKS_FOLDER_PATH}/FMDB.framework",
				"${TARGET_BUILD_DIR}/${FRAMEWORKS_FOLDER_PATH}/FTPopOverMenu.framework",
				"${TARGET_BUILD_DIR}/${FRAMEWORKS_FOLDER_PATH}/MJRefresh.framework",
				"${TARGET_BUILD_DIR}/${FRAMEWORKS_FOLDER_PATH}/Masonry.framework",
				"${TARGET_BUILD_DIR}/${FRAMEWORKS_FOLDER_PATH}/ReactiveObjC.framework",
				"${TARGET_BUILD_DIR}/${FRAMEWORKS_FOLDER_PATH}/RxWebViewController.framework",
				"${TARGET_BUILD_DIR}/${FRAMEWORKS_FOLDER_PATH}/SDWebImage.framework",
				"${TARGET_BUILD_DIR}/${FRAMEWORKS_FOLDER_PATH}/SSZipArchive.framework",
				"${TARGET_BUILD_DIR}/${FRAMEWORKS_FOLDER_PATH}/SVProgressHUD.framework",
				"${TARGET_BUILD_DIR}/${FRAMEWORKS_FOLDER_PATH}/Valet.framework",
				"${TARGET_BUILD_DIR}/${FRAMEWORKS_FOLDER_PATH}/XTColor.framework",
				"${TARGET_BUILD_DIR}/${FRAMEWORKS_FOLDER_PATH}/XTFMDB.framework",
				"${TARGET_BUILD_DIR}/${FRAMEWORKS_FOLDER_PATH}/XTReq.framework",
				"${TARGET_BUILD_DIR}/${FRAMEWORKS_FOLDER_PATH}/XTlib.framework",
				"${TARGET_BUILD_DIR}/${FRAMEWORKS_FOLDER_PATH}/YYModel.framework",
			);
			runOnlyForDeploymentPostprocessing = 0;
			shellPath = /bin/sh;
			shellScript = "\"${SRCROOT}/Pods/Target Support Files/Pods-demo_XTFMDB/Pods-demo_XTFMDB-frameworks.sh\"\n";
			showEnvVarsInLog = 0;
		};
/* End PBXShellScriptBuildPhase section */

/* Begin PBXSourcesBuildPhase section */
		8FFD73861EBB1C2C00148B83 /* Sources */ = {
			isa = PBXSourcesBuildPhase;
			buildActionMask = 2147483647;
			files = (
				8FFD73951EBB1C2C00148B83 /* ViewController.m in Sources */,
				8F2BFFCD204016C90013394D /* MainVCell.m in Sources */,
				8FFD73921EBB1C2C00148B83 /* AppDelegate.m in Sources */,
				8F9357BD207B04C2003F5522 /* XTAutoSqlUtil.m in Sources */,
				8FA9D3B920C7CE85005AFEDF /* NSArray+XTFMDB.m in Sources */,
				8F0C1EE41F8B7184009359AC /* AnyModel.m in Sources */,
				8F108F58203E943100217B87 /* NSObject+XTFMDB_Reflection.m in Sources */,
				8F9357B3207A146D003F5522 /* SomeInfo.m in Sources */,
				8F664CDB207B6E41006BC485 /* Father.m in Sources */,
				8FFD738F1EBB1C2C00148B83 /* main.m in Sources */,
				7DBF8FCF2023080A0030C3D5 /* XTDBVersion.m in Sources */,
				8FFD73FC1EC0397000148B83 /* NSObject+XTFMDB.m in Sources */,
				8FFD73A61EBB1CAE00148B83 /* DisplayViewController.m in Sources */,
				8F108F52203E718400217B87 /* NSDate+XTFMDB_Tick.m in Sources */,
				8FFD73F91EBB249500148B83 /* DisplayCell.m in Sources */,
				8F9357B7207A15C6003F5522 /* AccessObj.m in Sources */,
				8FFD73FF1EC0464D00148B83 /* XTFMDBBase.m in Sources */,
			);
			runOnlyForDeploymentPostprocessing = 0;
		};
/* End PBXSourcesBuildPhase section */

/* Begin PBXVariantGroup section */
		8FFD73961EBB1C2C00148B83 /* Main.storyboard */ = {
			isa = PBXVariantGroup;
			children = (
				8FFD73971EBB1C2C00148B83 /* Base */,
			);
			name = Main.storyboard;
			sourceTree = "<group>";
		};
		8FFD739B1EBB1C2C00148B83 /* LaunchScreen.storyboard */ = {
			isa = PBXVariantGroup;
			children = (
				8FFD739C1EBB1C2C00148B83 /* Base */,
			);
			name = LaunchScreen.storyboard;
			sourceTree = "<group>";
		};
/* End PBXVariantGroup section */

/* Begin XCBuildConfiguration section */
		8FFD739F1EBB1C2C00148B83 /* Debug */ = {
			isa = XCBuildConfiguration;
			buildSettings = {
				ALWAYS_SEARCH_USER_PATHS = NO;
				CLANG_ANALYZER_NONNULL = YES;
				CLANG_ANALYZER_NUMBER_OBJECT_CONVERSION = YES_AGGRESSIVE;
				CLANG_CXX_LANGUAGE_STANDARD = "gnu++0x";
				CLANG_CXX_LIBRARY = "libc++";
				CLANG_ENABLE_MODULES = YES;
				CLANG_ENABLE_OBJC_ARC = YES;
				CLANG_WARN_BOOL_CONVERSION = YES;
				CLANG_WARN_CONSTANT_CONVERSION = YES;
				CLANG_WARN_DIRECT_OBJC_ISA_USAGE = YES_ERROR;
				CLANG_WARN_DOCUMENTATION_COMMENTS = YES;
				CLANG_WARN_EMPTY_BODY = YES;
				CLANG_WARN_ENUM_CONVERSION = YES;
				CLANG_WARN_INFINITE_RECURSION = YES;
				CLANG_WARN_INT_CONVERSION = YES;
				CLANG_WARN_OBJC_ROOT_CLASS = YES_ERROR;
				CLANG_WARN_SUSPICIOUS_MOVE = YES;
				CLANG_WARN_UNREACHABLE_CODE = YES;
				CLANG_WARN__DUPLICATE_METHOD_MATCH = YES;
				"CODE_SIGN_IDENTITY[sdk=iphoneos*]" = "iPhone Developer";
				COPY_PHASE_STRIP = NO;
				DEBUG_INFORMATION_FORMAT = dwarf;
				ENABLE_STRICT_OBJC_MSGSEND = YES;
				ENABLE_TESTABILITY = YES;
				GCC_C_LANGUAGE_STANDARD = gnu99;
				GCC_DYNAMIC_NO_PIC = NO;
				GCC_NO_COMMON_BLOCKS = YES;
				GCC_OPTIMIZATION_LEVEL = 0;
				GCC_PREPROCESSOR_DEFINITIONS = (
					"DEBUG=1",
					"$(inherited)",
				);
				GCC_WARN_64_TO_32_BIT_CONVERSION = YES;
				GCC_WARN_ABOUT_RETURN_TYPE = YES_ERROR;
				GCC_WARN_UNDECLARED_SELECTOR = YES;
				GCC_WARN_UNINITIALIZED_AUTOS = YES_AGGRESSIVE;
				GCC_WARN_UNUSED_FUNCTION = YES;
				GCC_WARN_UNUSED_VARIABLE = YES;
				IPHONEOS_DEPLOYMENT_TARGET = 10.3;
				MTL_ENABLE_DEBUG_INFO = YES;
				ONLY_ACTIVE_ARCH = YES;
				SDKROOT = iphoneos;
				TARGETED_DEVICE_FAMILY = "1,2";
			};
			name = Debug;
		};
		8FFD73A01EBB1C2C00148B83 /* Release */ = {
			isa = XCBuildConfiguration;
			buildSettings = {
				ALWAYS_SEARCH_USER_PATHS = NO;
				CLANG_ANALYZER_NONNULL = YES;
				CLANG_ANALYZER_NUMBER_OBJECT_CONVERSION = YES_AGGRESSIVE;
				CLANG_CXX_LANGUAGE_STANDARD = "gnu++0x";
				CLANG_CXX_LIBRARY = "libc++";
				CLANG_ENABLE_MODULES = YES;
				CLANG_ENABLE_OBJC_ARC = YES;
				CLANG_WARN_BOOL_CONVERSION = YES;
				CLANG_WARN_CONSTANT_CONVERSION = YES;
				CLANG_WARN_DIRECT_OBJC_ISA_USAGE = YES_ERROR;
				CLANG_WARN_DOCUMENTATION_COMMENTS = YES;
				CLANG_WARN_EMPTY_BODY = YES;
				CLANG_WARN_ENUM_CONVERSION = YES;
				CLANG_WARN_INFINITE_RECURSION = YES;
				CLANG_WARN_INT_CONVERSION = YES;
				CLANG_WARN_OBJC_ROOT_CLASS = YES_ERROR;
				CLANG_WARN_SUSPICIOUS_MOVE = YES;
				CLANG_WARN_UNREACHABLE_CODE = YES;
				CLANG_WARN__DUPLICATE_METHOD_MATCH = YES;
				"CODE_SIGN_IDENTITY[sdk=iphoneos*]" = "iPhone Developer";
				COPY_PHASE_STRIP = NO;
				DEBUG_INFORMATION_FORMAT = "dwarf-with-dsym";
				ENABLE_NS_ASSERTIONS = NO;
				ENABLE_STRICT_OBJC_MSGSEND = YES;
				GCC_C_LANGUAGE_STANDARD = gnu99;
				GCC_NO_COMMON_BLOCKS = YES;
				GCC_WARN_64_TO_32_BIT_CONVERSION = YES;
				GCC_WARN_ABOUT_RETURN_TYPE = YES_ERROR;
				GCC_WARN_UNDECLARED_SELECTOR = YES;
				GCC_WARN_UNINITIALIZED_AUTOS = YES_AGGRESSIVE;
				GCC_WARN_UNUSED_FUNCTION = YES;
				GCC_WARN_UNUSED_VARIABLE = YES;
				IPHONEOS_DEPLOYMENT_TARGET = 10.3;
				MTL_ENABLE_DEBUG_INFO = NO;
				SDKROOT = iphoneos;
				TARGETED_DEVICE_FAMILY = "1,2";
				VALIDATE_PRODUCT = YES;
			};
			name = Release;
		};
		8FFD73A21EBB1C2C00148B83 /* Debug */ = {
			isa = XCBuildConfiguration;
			baseConfigurationReference = 36908B1C80D5651BA7D9EF56 /* Pods-demo_XTFMDB.debug.xcconfig */;
			buildSettings = {
				ASSETCATALOG_COMPILER_APPICON_NAME = AppIcon;
				DEVELOPMENT_TEAM = 5D74XHX7AD;
				INFOPLIST_FILE = demo_XTFMDB/Info.plist;
				LD_RUNPATH_SEARCH_PATHS = "$(inherited) @executable_path/Frameworks";
				PRODUCT_BUNDLE_IDENTIFIER = "com.teason.demo-XTFMDB";
				PRODUCT_NAME = "$(TARGET_NAME)";
			};
			name = Debug;
		};
		8FFD73A31EBB1C2C00148B83 /* Release */ = {
			isa = XCBuildConfiguration;
			baseConfigurationReference = 69780A6434E49AF6BA093C3D /* Pods-demo_XTFMDB.release.xcconfig */;
			buildSettings = {
				ASSETCATALOG_COMPILER_APPICON_NAME = AppIcon;
				DEVELOPMENT_TEAM = 5D74XHX7AD;
				INFOPLIST_FILE = demo_XTFMDB/Info.plist;
				LD_RUNPATH_SEARCH_PATHS = "$(inherited) @executable_path/Frameworks";
				PRODUCT_BUNDLE_IDENTIFIER = "com.teason.demo-XTFMDB";
				PRODUCT_NAME = "$(TARGET_NAME)";
			};
			name = Release;
		};
/* End XCBuildConfiguration section */

/* Begin XCConfigurationList section */
		8FFD73851EBB1C2C00148B83 /* Build configuration list for PBXProject "demo_XTFMDB" */ = {
			isa = XCConfigurationList;
			buildConfigurations = (
				8FFD739F1EBB1C2C00148B83 /* Debug */,
				8FFD73A01EBB1C2C00148B83 /* Release */,
			);
			defaultConfigurationIsVisible = 0;
			defaultConfigurationName = Release;
		};
		8FFD73A11EBB1C2C00148B83 /* Build configuration list for PBXNativeTarget "demo_XTFMDB" */ = {
			isa = XCConfigurationList;
			buildConfigurations = (
				8FFD73A21EBB1C2C00148B83 /* Debug */,
				8FFD73A31EBB1C2C00148B83 /* Release */,
			);
			defaultConfigurationIsVisible = 0;
			defaultConfigurationName = Release;
		};
/* End XCConfigurationList section */
	};
	rootObject = 8FFD73821EBB1C2C00148B83 /* Project object */;
}
